
Microsoft Visual Studio Solution File, Format Version 12.00
# Visual Studio Version 17
VisualStudioVersion = 17.10.35004.147
MinimumVisualStudioVersion = 10.0.40219.1
Project("{9A19103F-16F7-4668-BE54-9A1E7A4F7556}") = "WebApi", "WebApi\WebApi.csproj", "{2A884C4A-CD4D-412D-B75D-57F8F61AA329}"
EndProject
Project("{9A19103F-16F7-4668-BE54-9A1E7A4F7556}") = "WebApp", "WebApp\WebApp.csproj", "{49F06C37-7FA1-4160-9F03-659B8EED0870}"
EndProject
Project("{9A19103F-16F7-4668-BE54-9A1E7A4F7556}") = "SharedKernel", "SharedKernel\SharedKernel.csproj", "{DE0967F9-8DA7-4842-813C-8CA30E293D54}"
EndProject
Project("{9A19103F-16F7-4668-BE54-9A1E7A4F7556}") = "SpaApp", "SpaApp\SpaApp.csproj", "{5EF999EB-F01A-4C6A-A792-547632E8DE97}"
EndProject
Project("{2150E333-8FDC-42A3-9474-1A3956D46DE8}") = "Solution Items", "Solution Items", "{C7C59D1C-F539-47F8-898B-4BCA17E7B9F4}"
	ProjectSection(SolutionItems) = preProject
		.gitignore = .gitignore
	EndProjectSection
EndProject
Global
	GlobalSection(SolutionConfigurationPlatforms) = preSolution
		Debug|Any CPU = Debug|Any CPU
		Release|Any CPU = Release|Any CPU
	EndGlobalSection
	GlobalSection(ProjectConfigurationPlatforms) = postSolution
		{2A884C4A-CD4D-412D-B75D-57F8F61AA329}.Debug|Any CPU.ActiveCfg = Debug|Any CPU
		{2A884C4A-CD4D-412D-B75D-57F8F61AA329}.Debug|Any CPU.Build.0 = Debug|Any CPU
		{2A884C4A-CD4D-412D-B75D-57F8F61AA329}.Release|Any CPU.ActiveCfg = Release|Any CPU
		{2A884C4A-CD4D-412D-B75D-57F8F61AA329}.Release|Any CPU.Build.0 = Release|Any CPU
		{49F06C37-7FA1-4160-9F03-659B8EED0870}.Debug|Any CPU.ActiveCfg = Debug|Any CPU
		{49F06C37-7FA1-4160-9F03-659B8EED0870}.Debug|Any CPU.Build.0 = Debug|Any CPU
		{49F06C37-7FA1-4160-9F03-659B8EED0870}.Release|Any CPU.ActiveCfg = Release|Any CPU
		{49F06C37-7FA1-4160-9F03-659B8EED0870}.Release|Any CPU.Build.0 = Release|Any CPU
		{DE0967F9-8DA7-4842-813C-8CA30E293D54}.Debug|Any CPU.ActiveCfg = Debug|Any CPU
		{DE0967F9-8DA7-4842-813C-8CA30E293D54}.Debug|Any CPU.Build.0 = Debug|Any CPU
		{DE0967F9-8DA7-4842-813C-8CA30E293D54}.Release|Any CPU.ActiveCfg = Release|Any CPU
		{DE0967F9-8DA7-4842-813C-8CA30E293D54}.Release|Any CPU.Build.0 = Release|Any CPU
		{5EF999EB-F01A-4C6A-A792-547632E8DE97}.Debug|Any CPU.ActiveCfg = Debug|Any CPU
		{5EF999EB-F01A-4C6A-A792-547632E8DE97}.Debug|Any CPU.Build.0 = Debug|Any CPU
		{5EF999EB-F01A-4C6A-A792-547632E8DE97}.Release|Any CPU.ActiveCfg = Release|Any CPU
		{5EF999EB-F01A-4C6A-A792-547632E8DE97}.Release|Any CPU.Build.0 = Release|Any CPU
	EndGlobalSection
	GlobalSection(SolutionProperties) = preSolution
		HideSolutionNode = FALSE
	EndGlobalSection
	GlobalSection(ExtensibilityGlobals) = postSolution
		SolutionGuid = {110E5B80-080E-42A0-90A4-5CEF3BE7CCCE}
	EndGlobalSection
EndGlobal
